
Microsoft Visual Studio Solution File, Format Version 12.00
# Visual Studio 15
Project("{FAE04EC0-301F-11D3-BF4B-00C04F79EFBC}") = "Assembly-CSharp", "Assembly-CSharp.csproj", "{4AF36B53-2C6E-BBF5-7442-3553810E50DE}"
EndProject
Project("{FAE04EC0-301F-11D3-BF4B-00C04F79EFBC}") = "Assembly-CSharp-Editor", "Assembly-CSharp-Editor.csproj", "{77125E4E-D698-FA8A-4B98-E113EA4A6553}"
EndProject
Project("{FAE04EC0-301F-11D3-BF4B-00C04F79EFBC}") = "Assembly-CSharp-Editor-firstpass", "Assembly-CSharp-Editor-firstpass.csproj", "{C162CA0D-0E4B-6FA7-E581-51D8301FC661}"
EndProject
Global
	GlobalSection(SolutionConfigurationPlatforms) = preSolution
		Debug|Any CPU = Debug|Any CPU
		Release|Any CPU = Release|Any CPU
	EndGlobalSection
	GlobalSection(ProjectConfigurationPlatforms) = postSolution
		{4AF36B53-2C6E-BBF5-7442-3553810E50DE}.Debug|Any CPU.ActiveCfg = Debug|Any CPU
		{4AF36B53-2C6E-BBF5-7442-3553810E50DE}.Debug|Any CPU.Build.0 = Debug|Any CPU
		{4AF36B53-2C6E-BBF5-7442-3553810E50DE}.Release|Any CPU.ActiveCfg = Release|Any CPU
		{4AF36B53-2C6E-BBF5-7442-3553810E50DE}.Release|Any CPU.Build.0 = Release|Any CPU
		{77125E4E-D698-FA8A-4B98-E113EA4A6553}.Debug|Any CPU.ActiveCfg = Debug|Any CPU
		{77125E4E-D698-FA8A-4B98-E113EA4A6553}.Debug|Any CPU.Build.0 = Debug|Any CPU
		{77125E4E-D698-FA8A-4B98-E113EA4A6553}.Release|Any CPU.ActiveCfg = Release|Any CPU
		{77125E4E-D698-FA8A-4B98-E113EA4A6553}.Release|Any CPU.Build.0 = Release|Any CPU
		{C162CA0D-0E4B-6FA7-E581-51D8301FC661}.Debug|Any CPU.ActiveCfg = Debug|Any CPU
		{C162CA0D-0E4B-6FA7-E581-51D8301FC661}.Debug|Any CPU.Build.0 = Debug|Any CPU
		{C162CA0D-0E4B-6FA7-E581-51D8301FC661}.Release|Any CPU.ActiveCfg = Release|Any CPU
		{C162CA0D-0E4B-6FA7-E581-51D8301FC661}.Release|Any CPU.Build.0 = Release|Any CPU
	EndGlobalSection
	GlobalSection(SolutionProperties) = preSolution
		HideSolutionNode = FALSE
	EndGlobalSection
EndGlobal
